{
  "name": "trily",
  "lockfileVersion": 3,
  "requires": true,
  "packages": {
    "": {
      "dependencies": {
        "@heroui/spinner": "^2.2.21",
        "@heroui/system": "^2.4.20",
        "@heroui/theme": "^2.4.20",
        "@heroui/toast": "^2.0.14",
        "axios": "^1.11.0",
        "framer-motion": "^12.23.12",
        "tailwindcss": "^4.0.0"
      }
    },
    "node_modules/@formatjs/ecma402-abstract": {
      "version": "2.3.4",
      "resolved": "https://registry.npmjs.org/@formatjs/ecma402-abstract/-/ecma402-abstract-2.3.4.tgz",
      "integrity": "sha512-qrycXDeaORzIqNhBOx0btnhpD1c+/qFIHAN9znofuMJX6QBwtbrmlpWfD4oiUUD2vJUOIYFA/gYtg2KAMGG7sA==",
      "license": "MIT",
      "dependencies": {
        "@formatjs/fast-memoize": "2.2.7",
        "@formatjs/intl-localematcher": "0.6.1",
        "decimal.js": "^10.4.3",
        "tslib": "^2.8.0"
      }
    },
    "node_modules/@formatjs/fast-memoize": {
      "version": "2.2.7",
      "resolved": "https://registry.npmjs.org/@formatjs/fast-memoize/-/fast-memoize-2.2.7.tgz",
      "integrity": "sha512-Yabmi9nSvyOMrlSeGGWDiH7rf3a7sIwplbvo/dlz9WCIjzIQAfy1RMf4S0X3yG724n5Ghu2GmEl5NJIV6O9sZQ==",
      "license": "MIT",
      "dependencies": {
        "tslib": "^2.8.0"
      }
    },
    "node_modules/@formatjs/icu-messageformat-parser": {
      "version": "2.11.2",
      "resolved": "https://registry.npmjs.org/@formatjs/icu-messageformat-parser/-/icu-messageformat-parser-2.11.2.tgz",
      "integrity": "sha512-AfiMi5NOSo2TQImsYAg8UYddsNJ/vUEv/HaNqiFjnI3ZFfWihUtD5QtuX6kHl8+H+d3qvnE/3HZrfzgdWpsLNA==",
      "license": "MIT",
      "dependencies": {
        "@formatjs/ecma402-abstract": "2.3.4",
        "@formatjs/icu-skeleton-parser": "1.8.14",
        "tslib": "^2.8.0"
      }
    },
    "node_modules/@formatjs/icu-skeleton-parser": {
      "version": "1.8.14",
      "resolved": "https://registry.npmjs.org/@formatjs/icu-skeleton-parser/-/icu-skeleton-parser-1.8.14.tgz",
      "integrity": "sha512-i4q4V4qslThK4Ig8SxyD76cp3+QJ3sAqr7f6q9VVfeGtxG9OhiAk3y9XF6Q41OymsKzsGQ6OQQoJNY4/lI8TcQ==",
      "license": "MIT",
      "dependencies": {
        "@formatjs/ecma402-abstract": "2.3.4",
        "tslib": "^2.8.0"
      }
    },
    "node_modules/@formatjs/intl-localematcher": {
      "version": "0.6.1",
      "resolved": "https://registry.npmjs.org/@formatjs/intl-localematcher/-/intl-localematcher-0.6.1.tgz",
      "integrity": "sha512-ePEgLgVCqi2BBFnTMWPfIghu6FkbZnnBVhO2sSxvLfrdFw7wCHAHiDoM2h4NRgjbaY7+B7HgOLZGkK187pZTZg==",
      "license": "MIT",
      "dependencies": {
        "tslib": "^2.8.0"
      }
    },
    "node_modules/@heroui/react-rsc-utils": {
      "version": "2.1.9",
      "resolved": "https://registry.npmjs.org/@heroui/react-rsc-utils/-/react-rsc-utils-2.1.9.tgz",
      "integrity": "sha512-e77OEjNCmQxE9/pnLDDb93qWkX58/CcgIqdNAczT/zUP+a48NxGq2A2WRimvc1uviwaNL2StriE2DmyZPyYW7Q==",
      "license": "MIT",
      "peerDependencies": {
        "react": ">=18 || >=19.0.0-rc.0"
      }
    },
    "node_modules/@heroui/react-utils": {
      "version": "2.1.12",
      "resolved": "https://registry.npmjs.org/@heroui/react-utils/-/react-utils-2.1.12.tgz",
      "integrity": "sha512-D+EYFMtBuWGrtsw+CklgAHtQfT17wZcjmKIvUMGOjAFFSLHG9NJd7yOrsZGk90OuJVQ3O1Gj3MfchEmUXidxyw==",
      "license": "MIT",
      "dependencies": {
        "@heroui/react-rsc-utils": "2.1.9",
        "@heroui/shared-utils": "2.1.10"
      },
      "peerDependencies": {
        "react": ">=18 || >=19.0.0-rc.0"
      }
    },
    "node_modules/@heroui/shared-icons": {
      "version": "2.1.10",
      "resolved": "https://registry.npmjs.org/@heroui/shared-icons/-/shared-icons-2.1.10.tgz",
      "integrity": "sha512-ePo60GjEpM0SEyZBGOeySsLueNDCqLsVL79Fq+5BphzlrBAcaKY7kUp74964ImtkXvknTxAWzuuTr3kCRqj6jg==",
      "license": "MIT",
      "peerDependencies": {
        "react": ">=18 || >=19.0.0-rc.0"
      }
    },
    "node_modules/@heroui/shared-utils": {
      "version": "2.1.10",
      "resolved": "https://registry.npmjs.org/@heroui/shared-utils/-/shared-utils-2.1.10.tgz",
      "integrity": "sha512-w6pSRZZBNDG5/aFueSDUWqOIzqUjKojukg7FxTnVeUX+vIlnYV2Wfv+W+C4l+OV7o0t8emeoe5tXZh8QcLEZEQ==",
      "hasInstallScript": true,
      "license": "MIT"
    },
    "node_modules/@heroui/spinner": {
      "version": "2.2.21",
      "resolved": "https://registry.npmjs.org/@heroui/spinner/-/spinner-2.2.21.tgz",
      "integrity": "sha512-8rBUwVcVESlHfguRXkgC4p7UEymAAUL/E+nOCfqOHqr308bKhVrS2lSjfeRMBGEJqWLf3m5AMhRfwpRbcSVHWg==",
      "license": "MIT",
      "dependencies": {
        "@heroui/shared-utils": "2.1.10",
        "@heroui/system": "2.4.20",
        "@heroui/system-rsc": "2.3.17"
      },
      "peerDependencies": {
        "@heroui/theme": ">=2.4.17",
        "react": ">=18 || >=19.0.0-rc.0",
        "react-dom": ">=18 || >=19.0.0-rc.0"
      }
    },
    "node_modules/@heroui/system": {
      "version": "2.4.20",
      "resolved": "https://registry.npmjs.org/@heroui/system/-/system-2.4.20.tgz",
      "integrity": "sha512-bLl86ghOjsk8JLarLfL8wkuiNySJS1PHtd0mpGbAjVRQZYp4wH27R7hYBV55dre8Zw+nIRq58PgILdos7F+e0w==",
      "license": "MIT",
      "dependencies": {
        "@heroui/react-utils": "2.1.12",
        "@heroui/system-rsc": "2.3.17",
        "@react-aria/i18n": "3.12.11",
        "@react-aria/overlays": "3.28.0",
        "@react-aria/utils": "3.30.0"
      },
      "peerDependencies": {
        "framer-motion": ">=11.5.6 || >=12.0.0-alpha.1",
        "react": ">=18 || >=19.0.0-rc.0",
        "react-dom": ">=18 || >=19.0.0-rc.0"
      }
    },
    "node_modules/@heroui/system-rsc": {
      "version": "2.3.17",
      "resolved": "https://registry.npmjs.org/@heroui/system-rsc/-/system-rsc-2.3.17.tgz",
      "integrity": "sha512-XtQJpLN8HkLYJsvfyBWA/RE8w3PJzEjItwGZ0NACCKRiwkQL205WXJNlkzXsO2/+Y7fEKXkqTMNpQYEhnUlEpw==",
      "license": "MIT",
      "dependencies": {
        "@react-types/shared": "3.31.0",
        "clsx": "^1.2.1"
      },
      "peerDependencies": {
        "@heroui/theme": ">=2.4.17",
        "react": ">=18 || >=19.0.0-rc.0"
      }
    },
    "node_modules/@heroui/theme": {
      "version": "2.4.20",
      "resolved": "https://registry.npmjs.org/@heroui/theme/-/theme-2.4.20.tgz",
      "integrity": "sha512-wJdsz7XS9M7xbNd0d1EaaK5dCZIEOSI7eCr5A6f5aM48mtqLaXfsj3gYsfCy7GkQAvtKWuicwKe5D94Xoma6GA==",
      "license": "MIT",
      "dependencies": {
        "@heroui/shared-utils": "2.1.10",
        "clsx": "^1.2.1",
        "color": "^4.2.3",
        "color2k": "^2.0.3",
        "deepmerge": "4.3.1",
        "flat": "^5.0.2",
        "tailwind-merge": "3.3.1",
        "tailwind-variants": "2.0.1"
      },
      "peerDependencies": {
        "tailwindcss": ">=4.0.0"
      }
    },
    "node_modules/@heroui/toast": {
      "version": "2.0.14",
      "resolved": "https://registry.npmjs.org/@heroui/toast/-/toast-2.0.14.tgz",
      "integrity": "sha512-rYOIl+Nj9EfpBEbZ0fpRiZvKYMQrOntscvIQhQgxvCr3j/5AydKbkA2s+yncHxLj/eDoYaaCCZncbj/Q72ndkA==",
      "license": "MIT",
      "dependencies": {
        "@heroui/react-utils": "2.1.12",
        "@heroui/shared-icons": "2.1.10",
        "@heroui/shared-utils": "2.1.10",
        "@heroui/spinner": "2.2.21",
        "@heroui/use-is-mobile": "2.2.12",
        "@react-aria/interactions": "3.25.4",
        "@react-aria/toast": "3.0.6",
        "@react-stately/toast": "3.1.2"
      },
      "peerDependencies": {
        "@heroui/system": ">=2.4.18",
        "@heroui/theme": ">=2.4.17",
        "framer-motion": ">=11.5.6 || >=12.0.0-alpha.1",
        "react": ">=18 || >=19.0.0-rc.0",
        "react-dom": ">=18 || >=19.0.0-rc.0"
      }
    },
    "node_modules/@heroui/use-is-mobile": {
      "version": "2.2.12",
      "resolved": "https://registry.npmjs.org/@heroui/use-is-mobile/-/use-is-mobile-2.2.12.tgz",
      "integrity": "sha512-2UKa4v1xbvFwerWKoMTrg4q9ZfP9MVIVfCl1a7JuKQlXq3jcyV6z1as5bZ41pCsTOT+wUVOFnlr6rzzQwT9ZOA==",
      "license": "MIT",
      "dependencies": {
        "@react-aria/ssr": "3.9.10"
      },
      "peerDependencies": {
        "react": ">=18 || >=19.0.0-rc.0"
      }
    },
    "node_modules/@internationalized/date": {
      "version": "3.9.0",
      "resolved": "https://registry.npmjs.org/@internationalized/date/-/date-3.9.0.tgz",
      "integrity": "sha512-yaN3brAnHRD+4KyyOsJyk49XUvj2wtbNACSqg0bz3u8t2VuzhC8Q5dfRnrSxjnnbDb+ienBnkn1TzQfE154vyg==",
      "license": "Apache-2.0",
      "dependencies": {
        "@swc/helpers": "^0.5.0"
      }
    },
    "node_modules/@internationalized/message": {
      "version": "3.1.8",
      "resolved": "https://registry.npmjs.org/@internationalized/message/-/message-3.1.8.tgz",
      "integrity": "sha512-Rwk3j/TlYZhn3HQ6PyXUV0XP9Uv42jqZGNegt0BXlxjE6G3+LwHjbQZAGHhCnCPdaA6Tvd3ma/7QzLlLkJxAWA==",
      "license": "Apache-2.0",
      "dependencies": {
        "@swc/helpers": "^0.5.0",
        "intl-messageformat": "^10.1.0"
      }
    },
    "node_modules/@internationalized/number": {
      "version": "3.6.5",
      "resolved": "https://registry.npmjs.org/@internationalized/number/-/number-3.6.5.tgz",
      "integrity": "sha512-6hY4Kl4HPBvtfS62asS/R22JzNNy8vi/Ssev7x6EobfCp+9QIB2hKvI2EtbdJ0VSQacxVNtqhE/NmF/NZ0gm6g==",
      "license": "Apache-2.0",
      "dependencies": {
        "@swc/helpers": "^0.5.0"
      }
    },
    "node_modules/@internationalized/string": {
      "version": "3.2.7",
      "resolved": "https://registry.npmjs.org/@internationalized/string/-/string-3.2.7.tgz",
      "integrity": "sha512-D4OHBjrinH+PFZPvfCXvG28n2LSykWcJ7GIioQL+ok0LON15SdfoUssoHzzOUmVZLbRoREsQXVzA6r8JKsbP6A==",
      "license": "Apache-2.0",
      "dependencies": {
        "@swc/helpers": "^0.5.0"
      }
    },
    "node_modules/@react-aria/focus": {
      "version": "3.21.1",
      "resolved": "https://registry.npmjs.org/@react-aria/focus/-/focus-3.21.1.tgz",
      "integrity": "sha512-hmH1IhHlcQ2lSIxmki1biWzMbGgnhdxJUM0MFfzc71Rv6YAzhlx4kX3GYn4VNcjCeb6cdPv4RZ5vunV4kgMZYQ==",
      "license": "Apache-2.0",
      "dependencies": {
        "@react-aria/interactions": "^3.25.5",
        "@react-aria/utils": "^3.30.1",
        "@react-types/shared": "^3.32.0",
        "@swc/helpers": "^0.5.0",
        "clsx": "^2.0.0"
      },
      "peerDependencies": {
        "react": "^16.8.0 || ^17.0.0-rc.1 || ^18.0.0 || ^19.0.0-rc.1",
        "react-dom": "^16.8.0 || ^17.0.0-rc.1 || ^18.0.0 || ^19.0.0-rc.1"
      }
    },
    "node_modules/@react-aria/focus/node_modules/@react-aria/interactions": {
      "version": "3.25.5",
      "resolved": "https://registry.npmjs.org/@react-aria/interactions/-/interactions-3.25.5.tgz",
      "integrity": "sha512-EweYHOEvMwef/wsiEqV73KurX/OqnmbzKQa2fLxdULbec5+yDj6wVGaRHIzM4NiijIDe+bldEl5DG05CAKOAHA==",
      "license": "Apache-2.0",
      "dependencies": {
        "@react-aria/ssr": "^3.9.10",
        "@react-aria/utils": "^3.30.1",
        "@react-stately/flags": "^3.1.2",
        "@react-types/shared": "^3.32.0",
        "@swc/helpers": "^0.5.0"
      },
      "peerDependencies": {
        "react": "^16.8.0 || ^17.0.0-rc.1 || ^18.0.0 || ^19.0.0-rc.1",
        "react-dom": "^16.8.0 || ^17.0.0-rc.1 || ^18.0.0 || ^19.0.0-rc.1"
      }
    },
    "node_modules/@react-aria/focus/node_modules/@react-aria/utils": {
      "version": "3.30.1",
      "resolved": "https://registry.npmjs.org/@react-aria/utils/-/utils-3.30.1.tgz",
      "integrity": "sha512-zETcbDd6Vf9GbLndO6RiWJadIZsBU2MMm23rBACXLmpRztkrIqPEb2RVdlLaq1+GklDx0Ii6PfveVjx+8S5U6A==",
      "license": "Apache-2.0",
      "dependencies": {
        "@react-aria/ssr": "^3.9.10",
        "@react-stately/flags": "^3.1.2",
        "@react-stately/utils": "^3.10.8",
        "@react-types/shared": "^3.32.0",
        "@swc/helpers": "^0.5.0",
        "clsx": "^2.0.0"
      },
      "peerDependencies": {
        "react": "^16.8.0 || ^17.0.0-rc.1 || ^18.0.0 || ^19.0.0-rc.1",
        "react-dom": "^16.8.0 || ^17.0.0-rc.1 || ^18.0.0 || ^19.0.0-rc.1"
      }
    },
    "node_modules/@react-aria/focus/node_modules/@react-types/shared": {
      "version": "3.32.0",
      "resolved": "https://registry.npmjs.org/@react-types/shared/-/shared-3.32.0.tgz",
      "integrity": "sha512-t+cligIJsZYFMSPFMvsJMjzlzde06tZMOIOFa1OV5Z0BcMowrb2g4mB57j/9nP28iJIRYn10xCniQts+qadrqQ==",
      "license": "Apache-2.0",
      "peerDependencies": {
        "react": "^16.8.0 || ^17.0.0-rc.1 || ^18.0.0 || ^19.0.0-rc.1"
      }
    },
    "node_modules/@react-aria/focus/node_modules/clsx": {
      "version": "2.1.1",
      "resolved": "https://registry.npmjs.org/clsx/-/clsx-2.1.1.tgz",
      "integrity": "sha512-eYm0QWBtUrBWZWG0d386OGAw16Z995PiOVo2B7bjWSbHedGl5e0ZWaq65kOGgUSNesEIDkB9ISbTg/JK9dhCZA==",
      "license": "MIT",
      "engines": {
        "node": ">=6"
      }
    },
    "node_modules/@react-aria/i18n": {
      "version": "3.12.11",
      "resolved": "https://registry.npmjs.org/@react-aria/i18n/-/i18n-3.12.11.tgz",
      "integrity": "sha512-1mxUinHbGJ6nJ/uSl62dl48vdZfWTBZePNF/wWQy98gR0qNFXLeusd7CsEmJT1971CR5i/WNYUo1ezNlIJnu6A==",
      "license": "Apache-2.0",
      "dependencies": {
        "@internationalized/date": "^3.8.2",
        "@internationalized/message": "^3.1.8",
        "@internationalized/number": "^3.6.4",
        "@internationalized/string": "^3.2.7",
        "@react-aria/ssr": "^3.9.10",
        "@react-aria/utils": "^3.30.0",
        "@react-types/shared": "^3.31.0",
        "@swc/helpers": "^0.5.0"
      },
      "peerDependencies": {
        "react": "^16.8.0 || ^17.0.0-rc.1 || ^18.0.0 || ^19.0.0-rc.1",
        "react-dom": "^16.8.0 || ^17.0.0-rc.1 || ^18.0.0 || ^19.0.0-rc.1"
      }
    },
    "node_modules/@react-aria/interactions": {
      "version": "3.25.4",
      "resolved": "https://registry.npmjs.org/@react-aria/interactions/-/interactions-3.25.4.tgz",
      "integrity": "sha512-HBQMxgUPHrW8V63u9uGgBymkMfj6vdWbB0GgUJY49K9mBKMsypcHeWkWM6+bF7kxRO728/IK8bWDV6whDbqjHg==",
      "license": "Apache-2.0",
      "dependencies": {
        "@react-aria/ssr": "^3.9.10",
        "@react-aria/utils": "^3.30.0",
        "@react-stately/flags": "^3.1.2",
        "@react-types/shared": "^3.31.0",
        "@swc/helpers": "^0.5.0"
      },
      "peerDependencies": {
        "react": "^16.8.0 || ^17.0.0-rc.1 || ^18.0.0 || ^19.0.0-rc.1",
        "react-dom": "^16.8.0 || ^17.0.0-rc.1 || ^18.0.0 || ^19.0.0-rc.1"
      }
    },
    "node_modules/@react-aria/landmark": {
      "version": "3.0.6",
      "resolved": "https://registry.npmjs.org/@react-aria/landmark/-/landmark-3.0.6.tgz",
      "integrity": "sha512-dMPBqJWTDAr3Lj5hA+XYDH2PWqtFghYy+y7iq7K5sK/96cub8hZEUjhwn+HGgHsLerPp0dWt293nKupAJnf4Vw==",
      "license": "Apache-2.0",
      "dependencies": {
        "@react-aria/utils": "^3.30.1",
        "@react-types/shared": "^3.32.0",
        "@swc/helpers": "^0.5.0",
        "use-sync-external-store": "^1.4.0"
      },
      "peerDependencies": {
        "react": "^16.8.0 || ^17.0.0-rc.1 || ^18.0.0 || ^19.0.0-rc.1",
        "react-dom": "^16.8.0 || ^17.0.0-rc.1 || ^18.0.0 || ^19.0.0-rc.1"
      }
    },
    "node_modules/@react-aria/landmark/node_modules/@react-aria/utils": {
      "version": "3.30.1",
      "resolved": "https://registry.npmjs.org/@react-aria/utils/-/utils-3.30.1.tgz",
      "integrity": "sha512-zETcbDd6Vf9GbLndO6RiWJadIZsBU2MMm23rBACXLmpRztkrIqPEb2RVdlLaq1+GklDx0Ii6PfveVjx+8S5U6A==",
      "license": "Apache-2.0",
      "dependencies": {
        "@react-aria/ssr": "^3.9.10",
        "@react-stately/flags": "^3.1.2",
        "@react-stately/utils": "^3.10.8",
        "@react-types/shared": "^3.32.0",
        "@swc/helpers": "^0.5.0",
        "clsx": "^2.0.0"
      },
      "peerDependencies": {
        "react": "^16.8.0 || ^17.0.0-rc.1 || ^18.0.0 || ^19.0.0-rc.1",
        "react-dom": "^16.8.0 || ^17.0.0-rc.1 || ^18.0.0 || ^19.0.0-rc.1"
      }
    },
    "node_modules/@react-aria/landmark/node_modules/@react-types/shared": {
      "version": "3.32.0",
      "resolved": "https://registry.npmjs.org/@react-types/shared/-/shared-3.32.0.tgz",
      "integrity": "sha512-t+cligIJsZYFMSPFMvsJMjzlzde06tZMOIOFa1OV5Z0BcMowrb2g4mB57j/9nP28iJIRYn10xCniQts+qadrqQ==",
      "license": "Apache-2.0",
      "peerDependencies": {
        "react": "^16.8.0 || ^17.0.0-rc.1 || ^18.0.0 || ^19.0.0-rc.1"
      }
    },
    "node_modules/@react-aria/landmark/node_modules/clsx": {
      "version": "2.1.1",
      "resolved": "https://registry.npmjs.org/clsx/-/clsx-2.1.1.tgz",
      "integrity": "sha512-eYm0QWBtUrBWZWG0d386OGAw16Z995PiOVo2B7bjWSbHedGl5e0ZWaq65kOGgUSNesEIDkB9ISbTg/JK9dhCZA==",
      "license": "MIT",
      "engines": {
        "node": ">=6"
      }
    },
    "node_modules/@react-aria/overlays": {
      "version": "3.28.0",
      "resolved": "https://registry.npmjs.org/@react-aria/overlays/-/overlays-3.28.0.tgz",
      "integrity": "sha512-qaHahAXTmxXULgg2/UfWEIwfgdKsn27XYryXAWWDu2CAZTcbI+5mGwYrQZSDWraM6v5PUUepzOVvm7hjTqiMFw==",
      "license": "Apache-2.0",
      "dependencies": {
        "@react-aria/focus": "^3.21.0",
        "@react-aria/i18n": "^3.12.11",
        "@react-aria/interactions": "^3.25.4",
        "@react-aria/ssr": "^3.9.10",
        "@react-aria/utils": "^3.30.0",
        "@react-aria/visually-hidden": "^3.8.26",
        "@react-stately/overlays": "^3.6.18",
        "@react-types/button": "^3.13.0",
        "@react-types/overlays": "^3.9.0",
        "@react-types/shared": "^3.31.0",
        "@swc/helpers": "^0.5.0"
      },
      "peerDependencies": {
        "react": "^16.8.0 || ^17.0.0-rc.1 || ^18.0.0 || ^19.0.0-rc.1",
        "react-dom": "^16.8.0 || ^17.0.0-rc.1 || ^18.0.0 || ^19.0.0-rc.1"
      }
    },
    "node_modules/@react-aria/ssr": {
      "version": "3.9.10",
      "resolved": "https://registry.npmjs.org/@react-aria/ssr/-/ssr-3.9.10.tgz",
      "integrity": "sha512-hvTm77Pf+pMBhuBm760Li0BVIO38jv1IBws1xFm1NoL26PU+fe+FMW5+VZWyANR6nYL65joaJKZqOdTQMkO9IQ==",
      "license": "Apache-2.0",
      "dependencies": {
        "@swc/helpers": "^0.5.0"
      },
      "engines": {
        "node": ">= 12"
      },
      "peerDependencies": {
        "react": "^16.8.0 || ^17.0.0-rc.1 || ^18.0.0 || ^19.0.0-rc.1"
      }
    },
    "node_modules/@react-aria/toast": {
      "version": "3.0.6",
      "resolved": "https://registry.npmjs.org/@react-aria/toast/-/toast-3.0.6.tgz",
      "integrity": "sha512-PoCLWoZzdHIMYY0zIU3WYsHAHPS52sN1gzGRJ+cr5zogU8wwg8lwFZCvs/yql0IhQLsO930zcCXWeL/NsCMrlA==",
      "license": "Apache-2.0",
      "dependencies": {
        "@react-aria/i18n": "^3.12.11",
        "@react-aria/interactions": "^3.25.4",
        "@react-aria/landmark": "^3.0.5",
        "@react-aria/utils": "^3.30.0",
        "@react-stately/toast": "^3.1.2",
        "@react-types/button": "^3.13.0",
        "@react-types/shared": "^3.31.0",
        "@swc/helpers": "^0.5.0"
      },
      "peerDependencies": {
        "react": "^16.8.0 || ^17.0.0-rc.1 || ^18.0.0 || ^19.0.0-rc.1",
        "react-dom": "^16.8.0 || ^17.0.0-rc.1 || ^18.0.0 || ^19.0.0-rc.1"
      }
    },
    "node_modules/@react-aria/utils": {
      "version": "3.30.0",
      "resolved": "https://registry.npmjs.org/@react-aria/utils/-/utils-3.30.0.tgz",
      "integrity": "sha512-ydA6y5G1+gbem3Va2nczj/0G0W7/jUVo/cbN10WA5IizzWIwMP5qhFr7macgbKfHMkZ+YZC3oXnt2NNre5odKw==",
      "license": "Apache-2.0",
      "dependencies": {
        "@react-aria/ssr": "^3.9.10",
        "@react-stately/flags": "^3.1.2",
        "@react-stately/utils": "^3.10.8",
        "@react-types/shared": "^3.31.0",
        "@swc/helpers": "^0.5.0",
        "clsx": "^2.0.0"
      },
      "peerDependencies": {
        "react": "^16.8.0 || ^17.0.0-rc.1 || ^18.0.0 || ^19.0.0-rc.1",
        "react-dom": "^16.8.0 || ^17.0.0-rc.1 || ^18.0.0 || ^19.0.0-rc.1"
      }
    },
    "node_modules/@react-aria/utils/node_modules/clsx": {
      "version": "2.1.1",
      "resolved": "https://registry.npmjs.org/clsx/-/clsx-2.1.1.tgz",
      "integrity": "sha512-eYm0QWBtUrBWZWG0d386OGAw16Z995PiOVo2B7bjWSbHedGl5e0ZWaq65kOGgUSNesEIDkB9ISbTg/JK9dhCZA==",
      "license": "MIT",
      "engines": {
        "node": ">=6"
      }
    },
    "node_modules/@react-aria/visually-hidden": {
      "version": "3.8.27",
      "resolved": "https://registry.npmjs.org/@react-aria/visually-hidden/-/visually-hidden-3.8.27.tgz",
      "integrity": "sha512-hD1DbL3WnjPnCdlQjwe19bQVRAGJyN0Aaup+s7NNtvZUn7AjoEH78jo8TE+L8yM7z/OZUQF26laCfYqeIwWn4g==",
      "license": "Apache-2.0",
      "dependencies": {
        "@react-aria/interactions": "^3.25.5",
        "@react-aria/utils": "^3.30.1",
        "@react-types/shared": "^3.32.0",
        "@swc/helpers": "^0.5.0"
      },
      "peerDependencies": {
        "react": "^16.8.0 || ^17.0.0-rc.1 || ^18.0.0 || ^19.0.0-rc.1",
        "react-dom": "^16.8.0 || ^17.0.0-rc.1 || ^18.0.0 || ^19.0.0-rc.1"
      }
    },
    "node_modules/@react-aria/visually-hidden/node_modules/@react-aria/interactions": {
      "version": "3.25.5",
      "resolved": "https://registry.npmjs.org/@react-aria/interactions/-/interactions-3.25.5.tgz",
      "integrity": "sha512-EweYHOEvMwef/wsiEqV73KurX/OqnmbzKQa2fLxdULbec5+yDj6wVGaRHIzM4NiijIDe+bldEl5DG05CAKOAHA==",
      "license": "Apache-2.0",
      "dependencies": {
        "@react-aria/ssr": "^3.9.10",
        "@react-aria/utils": "^3.30.1",
        "@react-stately/flags": "^3.1.2",
        "@react-types/shared": "^3.32.0",
        "@swc/helpers": "^0.5.0"
      },
      "peerDependencies": {
        "react": "^16.8.0 || ^17.0.0-rc.1 || ^18.0.0 || ^19.0.0-rc.1",
        "react-dom": "^16.8.0 || ^17.0.0-rc.1 || ^18.0.0 || ^19.0.0-rc.1"
      }
    },
    "node_modules/@react-aria/visually-hidden/node_modules/@react-aria/utils": {
      "version": "3.30.1",
      "resolved": "https://registry.npmjs.org/@react-aria/utils/-/utils-3.30.1.tgz",
      "integrity": "sha512-zETcbDd6Vf9GbLndO6RiWJadIZsBU2MMm23rBACXLmpRztkrIqPEb2RVdlLaq1+GklDx0Ii6PfveVjx+8S5U6A==",
      "license": "Apache-2.0",
      "dependencies": {
        "@react-aria/ssr": "^3.9.10",
        "@react-stately/flags": "^3.1.2",
        "@react-stately/utils": "^3.10.8",
        "@react-types/shared": "^3.32.0",
        "@swc/helpers": "^0.5.0",
        "clsx": "^2.0.0"
      },
      "peerDependencies": {
        "react": "^16.8.0 || ^17.0.0-rc.1 || ^18.0.0 || ^19.0.0-rc.1",
        "react-dom": "^16.8.0 || ^17.0.0-rc.1 || ^18.0.0 || ^19.0.0-rc.1"
      }
    },
    "node_modules/@react-aria/visually-hidden/node_modules/@react-types/shared": {
      "version": "3.32.0",
      "resolved": "https://registry.npmjs.org/@react-types/shared/-/shared-3.32.0.tgz",
      "integrity": "sha512-t+cligIJsZYFMSPFMvsJMjzlzde06tZMOIOFa1OV5Z0BcMowrb2g4mB57j/9nP28iJIRYn10xCniQts+qadrqQ==",
      "license": "Apache-2.0",
      "peerDependencies": {
        "react": "^16.8.0 || ^17.0.0-rc.1 || ^18.0.0 || ^19.0.0-rc.1"
      }
    },
    "node_modules/@react-aria/visually-hidden/node_modules/clsx": {
      "version": "2.1.1",
      "resolved": "https://registry.npmjs.org/clsx/-/clsx-2.1.1.tgz",
      "integrity": "sha512-eYm0QWBtUrBWZWG0d386OGAw16Z995PiOVo2B7bjWSbHedGl5e0ZWaq65kOGgUSNesEIDkB9ISbTg/JK9dhCZA==",
      "license": "MIT",
      "engines": {
        "node": ">=6"
      }
    },
    "node_modules/@react-stately/flags": {
      "version": "3.1.2",
      "resolved": "https://registry.npmjs.org/@react-stately/flags/-/flags-3.1.2.tgz",
      "integrity": "sha512-2HjFcZx1MyQXoPqcBGALwWWmgFVUk2TuKVIQxCbRq7fPyWXIl6VHcakCLurdtYC2Iks7zizvz0Idv48MQ38DWg==",
      "license": "Apache-2.0",
      "dependencies": {
        "@swc/helpers": "^0.5.0"
      }
    },
    "node_modules/@react-stately/overlays": {
      "version": "3.6.19",
      "resolved": "https://registry.npmjs.org/@react-stately/overlays/-/overlays-3.6.19.tgz",
      "integrity": "sha512-swZXfDvxTYd7tKEpijEHBFFaEmbbnCvEhGlmrAz4K72cuRR9O5u+lcla8y1veGBbBSzrIdKNdBoIIJ+qQH+1TQ==",
      "license": "Apache-2.0",
      "dependencies": {
        "@react-stately/utils": "^3.10.8",
        "@react-types/overlays": "^3.9.1",
        "@swc/helpers": "^0.5.0"
      },
      "peerDependencies": {
        "react": "^16.8.0 || ^17.0.0-rc.1 || ^18.0.0 || ^19.0.0-rc.1"
      }
    },
    "node_modules/@react-stately/toast": {
      "version": "3.1.2",
      "resolved": "https://registry.npmjs.org/@react-stately/toast/-/toast-3.1.2.tgz",
      "integrity": "sha512-HiInm7bck32khFBHZThTQaAF6e6/qm57F4mYRWdTq8IVeGDzpkbUYibnLxRhk0UZ5ybc6me+nqqPkG/lVmM42Q==",
      "license": "Apache-2.0",
      "dependencies": {
        "@swc/helpers": "^0.5.0",
        "use-sync-external-store": "^1.4.0"
      },
      "peerDependencies": {
        "react": "^16.8.0 || ^17.0.0-rc.1 || ^18.0.0 || ^19.0.0-rc.1"
      }
    },
    "node_modules/@react-stately/utils": {
      "version": "3.10.8",
      "resolved": "https://registry.npmjs.org/@react-stately/utils/-/utils-3.10.8.tgz",
      "integrity": "sha512-SN3/h7SzRsusVQjQ4v10LaVsDc81jyyR0DD5HnsQitm/I5WDpaSr2nRHtyloPFU48jlql1XX/S04T2DLQM7Y3g==",
      "license": "Apache-2.0",
      "dependencies": {
        "@swc/helpers": "^0.5.0"
      },
      "peerDependencies": {
        "react": "^16.8.0 || ^17.0.0-rc.1 || ^18.0.0 || ^19.0.0-rc.1"
      }
    },
    "node_modules/@react-types/button": {
      "version": "3.14.0",
      "resolved": "https://registry.npmjs.org/@react-types/button/-/button-3.14.0.tgz",
      "integrity": "sha512-pXt1a+ElxiZyWpX0uznyjy5Z6EHhYxPcaXpccZXyn6coUo9jmCbgg14xR7Odo+JcbfaaISzZTDO7oGLVTcHnpA==",
      "license": "Apache-2.0",
      "dependencies": {
        "@react-types/shared": "^3.32.0"
      },
      "peerDependencies": {
        "react": "^16.8.0 || ^17.0.0-rc.1 || ^18.0.0 || ^19.0.0-rc.1"
      }
    },
    "node_modules/@react-types/button/node_modules/@react-types/shared": {
      "version": "3.32.0",
      "resolved": "https://registry.npmjs.org/@react-types/shared/-/shared-3.32.0.tgz",
      "integrity": "sha512-t+cligIJsZYFMSPFMvsJMjzlzde06tZMOIOFa1OV5Z0BcMowrb2g4mB57j/9nP28iJIRYn10xCniQts+qadrqQ==",
      "license": "Apache-2.0",
      "peerDependencies": {
        "react": "^16.8.0 || ^17.0.0-rc.1 || ^18.0.0 || ^19.0.0-rc.1"
      }
    },
    "node_modules/@react-types/overlays": {
      "version": "3.9.1",
      "resolved": "https://registry.npmjs.org/@react-types/overlays/-/overlays-3.9.1.tgz",
      "integrity": "sha512-UCG3TOu8FLk4j0Pr1nlhv0opcwMoqbGEOUvsSr6ITN6Qs2y0j+KYSYQ7a4+04m3dN//8+9Wjkkid8k+V1dV2CA==",
      "license": "Apache-2.0",
      "dependencies": {
        "@react-types/shared": "^3.32.0"
      },
      "peerDependencies": {
        "react": "^16.8.0 || ^17.0.0-rc.1 || ^18.0.0 || ^19.0.0-rc.1"
      }
    },
    "node_modules/@react-types/overlays/node_modules/@react-types/shared": {
      "version": "3.32.0",
      "resolved": "https://registry.npmjs.org/@react-types/shared/-/shared-3.32.0.tgz",
      "integrity": "sha512-t+cligIJsZYFMSPFMvsJMjzlzde06tZMOIOFa1OV5Z0BcMowrb2g4mB57j/9nP28iJIRYn10xCniQts+qadrqQ==",
      "license": "Apache-2.0",
      "peerDependencies": {
        "react": "^16.8.0 || ^17.0.0-rc.1 || ^18.0.0 || ^19.0.0-rc.1"
      }
    },
    "node_modules/@react-types/shared": {
      "version": "3.31.0",
      "resolved": "https://registry.npmjs.org/@react-types/shared/-/shared-3.31.0.tgz",
      "integrity": "sha512-ua5U6V66gDcbLZe4P2QeyNgPp4YWD1ymGA6j3n+s8CGExtrCPe64v+g4mvpT8Bnb985R96e4zFT61+m0YCwqMg==",
      "license": "Apache-2.0",
      "peerDependencies": {
        "react": "^16.8.0 || ^17.0.0-rc.1 || ^18.0.0 || ^19.0.0-rc.1"
      }
    },
    "node_modules/@swc/helpers": {
      "version": "0.5.17",
      "resolved": "https://registry.npmjs.org/@swc/helpers/-/helpers-0.5.17.tgz",
      "integrity": "sha512-5IKx/Y13RsYd+sauPb2x+U/xZikHjolzfuDgTAl/Tdf3Q8rslRvC19NKDLgAJQ6wsqADk10ntlv08nPFw/gO/A==",
      "license": "Apache-2.0",
      "dependencies": {
        "tslib": "^2.8.0"
      }
    },
    "node_modules/asynckit": {
      "version": "0.4.0",
      "resolved": "https://registry.npmjs.org/asynckit/-/asynckit-0.4.0.tgz",
      "integrity": "sha512-Oei9OH4tRh0YqU3GxhX79dM/mwVgvbZJaSNaRk+bshkj0S5cfHcgYakreBjrHwatXKbz+IoIdYLxrKim2MjW0Q==",
      "license": "MIT"
    },
    "node_modules/axios": {
      "version": "1.11.0",
      "resolved": "https://registry.npmjs.org/axios/-/axios-1.11.0.tgz",
      "integrity": "sha512-1Lx3WLFQWm3ooKDYZD1eXmoGO9fxYQjrycfHFC8P0sCfQVXyROp0p9PFWBehewBOdCwHc+f/b8I0fMto5eSfwA==",
      "license": "MIT",
      "dependencies": {
        "follow-redirects": "^1.15.6",
        "form-data": "^4.0.4",
        "proxy-from-env": "^1.1.0"
      }
    },
    "node_modules/call-bind-apply-helpers": {
      "version": "1.0.2",
      "resolved": "https://registry.npmjs.org/call-bind-apply-helpers/-/call-bind-apply-helpers-1.0.2.tgz",
      "integrity": "sha512-Sp1ablJ0ivDkSzjcaJdxEunN5/XvksFJ2sMBFfq6x0ryhQV/2b/KwFe21cMpmHtPOSij8K99/wSfoEuTObmuMQ==",
      "license": "MIT",
      "dependencies": {
        "es-errors": "^1.3.0",
        "function-bind": "^1.1.2"
      },
      "engines": {
        "node": ">= 0.4"
      }
    },
    "node_modules/clsx": {
      "version": "1.2.1",
      "resolved": "https://registry.npmjs.org/clsx/-/clsx-1.2.1.tgz",
      "integrity": "sha512-EcR6r5a8bj6pu3ycsa/E/cKVGuTgZJZdsyUYHOksG/UHIiKfjxzRxYJpyVBwYaQeOvghal9fcc4PidlgzugAQg==",
      "license": "MIT",
      "engines": {
        "node": ">=6"
      }
    },
    "node_modules/color": {
      "version": "4.2.3",
      "resolved": "https://registry.npmjs.org/color/-/color-4.2.3.tgz",
      "integrity": "sha512-1rXeuUUiGGrykh+CeBdu5Ie7OJwinCgQY0bc7GCRxy5xVHy+moaqkpL/jqQq0MtQOeYcrqEz4abc5f0KtU7W4A==",
      "license": "MIT",
      "dependencies": {
        "color-convert": "^2.0.1",
        "color-string": "^1.9.0"
      },
      "engines": {
        "node": ">=12.5.0"
      }
    },
    "node_modules/color-convert": {
      "version": "2.0.1",
      "resolved": "https://registry.npmjs.org/color-convert/-/color-convert-2.0.1.tgz",
      "integrity": "sha512-RRECPsj7iu/xb5oKYcsFHSppFNnsj/52OVTRKb4zP5onXwVF3zVmmToNcOfGC+CRDpfK/U584fMg38ZHCaElKQ==",
      "license": "MIT",
      "dependencies": {
        "color-name": "~1.1.4"
      },
      "engines": {
        "node": ">=7.0.0"
      }
    },
    "node_modules/color-name": {
      "version": "1.1.4",
      "resolved": "https://registry.npmjs.org/color-name/-/color-name-1.1.4.tgz",
      "integrity": "sha512-dOy+3AuW3a2wNbZHIuMZpTcgjGuLU/uBL/ubcZF9OXbDo8ff4O8yVp5Bf0efS8uEoYo5q4Fx7dY9OgQGXgAsQA==",
      "license": "MIT"
    },
    "node_modules/color-string": {
      "version": "1.9.1",
      "resolved": "https://registry.npmjs.org/color-string/-/color-string-1.9.1.tgz",
      "integrity": "sha512-shrVawQFojnZv6xM40anx4CkoDP+fZsw/ZerEMsW/pyzsRbElpsL/DBVW7q3ExxwusdNXI3lXpuhEZkzs8p5Eg==",
      "license": "MIT",
      "dependencies": {
        "color-name": "^1.0.0",
        "simple-swizzle": "^0.2.2"
      }
    },
    "node_modules/color2k": {
      "version": "2.0.3",
      "resolved": "https://registry.npmjs.org/color2k/-/color2k-2.0.3.tgz",
      "integrity": "sha512-zW190nQTIoXcGCaU08DvVNFTmQhUpnJfVuAKfWqUQkflXKpaDdpaYoM0iluLS9lgJNHyBF58KKA2FBEwkD7wog==",
      "license": "MIT"
    },
    "node_modules/combined-stream": {
      "version": "1.0.8",
      "resolved": "https://registry.npmjs.org/combined-stream/-/combined-stream-1.0.8.tgz",
      "integrity": "sha512-FQN4MRfuJeHf7cBbBMJFXhKSDq+2kAArBlmRBvcvFE5BB1HZKXtSFASDhdlz9zOYwxh8lDdnvmMOe/+5cdoEdg==",
      "license": "MIT",
      "dependencies": {
        "delayed-stream": "~1.0.0"
      },
      "engines": {
        "node": ">= 0.8"
      }
    },
    "node_modules/decimal.js": {
      "version": "10.6.0",
      "resolved": "https://registry.npmjs.org/decimal.js/-/decimal.js-10.6.0.tgz",
      "integrity": "sha512-YpgQiITW3JXGntzdUmyUR1V812Hn8T1YVXhCu+wO3OpS4eU9l4YdD3qjyiKdV6mvV29zapkMeD390UVEf2lkUg==",
      "license": "MIT"
    },
    "node_modules/deepmerge": {
      "version": "4.3.1",
      "resolved": "https://registry.npmjs.org/deepmerge/-/deepmerge-4.3.1.tgz",
      "integrity": "sha512-3sUqbMEc77XqpdNO7FRyRog+eW3ph+GYCbj+rK+uYyRMuwsVy0rMiVtPn+QJlKFvWP/1PYpapqYn0Me2knFn+A==",
      "license": "MIT",
      "engines": {
        "node": ">=0.10.0"
      }
    },
    "node_modules/delayed-stream": {
      "version": "1.0.0",
      "resolved": "https://registry.npmjs.org/delayed-stream/-/delayed-stream-1.0.0.tgz",
      "integrity": "sha512-ZySD7Nf91aLB0RxL4KGrKHBXl7Eds1DAmEdcoVawXnLD7SDhpNgtuII2aAkg7a7QS41jxPSZ17p4VdGnMHk3MQ==",
      "license": "MIT",
      "engines": {
        "node": ">=0.4.0"
      }
    },
    "node_modules/dunder-proto": {
      "version": "1.0.1",
      "resolved": "https://registry.npmjs.org/dunder-proto/-/dunder-proto-1.0.1.tgz",
      "integrity": "sha512-KIN/nDJBQRcXw0MLVhZE9iQHmG68qAVIBg9CqmUYjmQIhgij9U5MFvrqkUL5FbtyyzZuOeOt0zdeRe4UY7ct+A==",
      "license": "MIT",
      "dependencies": {
        "call-bind-apply-helpers": "^1.0.1",
        "es-errors": "^1.3.0",
        "gopd": "^1.2.0"
      },
      "engines": {
        "node": ">= 0.4"
      }
    },
    "node_modules/es-define-property": {
      "version": "1.0.1",
      "resolved": "https://registry.npmjs.org/es-define-property/-/es-define-property-1.0.1.tgz",
      "integrity": "sha512-e3nRfgfUZ4rNGL232gUgX06QNyyez04KdjFrF+LTRoOXmrOgFKDg4BCdsjW8EnT69eqdYGmRpJwiPVYNrCaW3g==",
      "license": "MIT",
      "engines": {
        "node": ">= 0.4"
      }
    },
    "node_modules/es-errors": {
      "version": "1.3.0",
      "resolved": "https://registry.npmjs.org/es-errors/-/es-errors-1.3.0.tgz",
      "integrity": "sha512-Zf5H2Kxt2xjTvbJvP2ZWLEICxA6j+hAmMzIlypy4xcBg1vKVnx89Wy0GbS+kf5cwCVFFzdCFh2XSCFNULS6csw==",
      "license": "MIT",
      "engines": {
        "node": ">= 0.4"
      }
    },
    "node_modules/es-object-atoms": {
      "version": "1.1.1",
      "resolved": "https://registry.npmjs.org/es-object-atoms/-/es-object-atoms-1.1.1.tgz",
      "integrity": "sha512-FGgH2h8zKNim9ljj7dankFPcICIK9Cp5bm+c2gQSYePhpaG5+esrLODihIorn+Pe6FGJzWhXQotPv73jTaldXA==",
      "license": "MIT",
      "dependencies": {
        "es-errors": "^1.3.0"
      },
      "engines": {
        "node": ">= 0.4"
      }
    },
    "node_modules/es-set-tostringtag": {
      "version": "2.1.0",
      "resolved": "https://registry.npmjs.org/es-set-tostringtag/-/es-set-tostringtag-2.1.0.tgz",
      "integrity": "sha512-j6vWzfrGVfyXxge+O0x5sh6cvxAog0a/4Rdd2K36zCMV5eJ+/+tOAngRO8cODMNWbVRdVlmGZQL2YS3yR8bIUA==",
      "license": "MIT",
      "dependencies": {
        "es-errors": "^1.3.0",
        "get-intrinsic": "^1.2.6",
        "has-tostringtag": "^1.0.2",
        "hasown": "^2.0.2"
      },
      "engines": {
        "node": ">= 0.4"
      }
    },
    "node_modules/flat": {
      "version": "5.0.2",
      "resolved": "https://registry.npmjs.org/flat/-/flat-5.0.2.tgz",
      "integrity": "sha512-b6suED+5/3rTpUBdG1gupIl8MPFCAMA0QXwmljLhvCUKcUvdE4gWky9zpuGCcXHOsz4J9wPGNWq6OKpmIzz3hQ==",
      "license": "BSD-3-Clause",
      "bin": {
        "flat": "cli.js"
      }
    },
    "node_modules/follow-redirects": {
      "version": "1.15.11",
      "resolved": "https://registry.npmjs.org/follow-redirects/-/follow-redirects-1.15.11.tgz",
      "integrity": "sha512-deG2P0JfjrTxl50XGCDyfI97ZGVCxIpfKYmfyrQ54n5FO/0gfIES8C/Psl6kWVDolizcaaxZJnTS0QSMxvnsBQ==",
      "funding": [
        {
          "type": "individual",
          "url": "https://github.com/sponsors/RubenVerborgh"
        }
      ],
      "license": "MIT",
      "engines": {
        "node": ">=4.0"
      },
      "peerDependenciesMeta": {
        "debug": {
          "optional": true
        }
      }
    },
    "node_modules/form-data": {
      "version": "4.0.4",
      "resolved": "https://registry.npmjs.org/form-data/-/form-data-4.0.4.tgz",
      "integrity": "sha512-KrGhL9Q4zjj0kiUt5OO4Mr/A/jlI2jDYs5eHBpYHPcBEVSiipAvn2Ko2HnPe20rmcuuvMHNdZFp+4IlGTMF0Ow==",
      "license": "MIT",
      "dependencies": {
        "asynckit": "^0.4.0",
        "combined-stream": "^1.0.8",
        "es-set-tostringtag": "^2.1.0",
        "hasown": "^2.0.2",
        "mime-types": "^2.1.12"
      },
      "engines": {
        "node": ">= 6"
      }
    },
    "node_modules/framer-motion": {
      "version": "12.23.12",
      "resolved": "https://registry.npmjs.org/framer-motion/-/framer-motion-12.23.12.tgz",
      "integrity": "sha512-6e78rdVtnBvlEVgu6eFEAgG9v3wLnYEboM8I5O5EXvfKC8gxGQB8wXJdhkMy10iVcn05jl6CNw7/HTsTCfwcWg==",
      "license": "MIT",
      "dependencies": {
        "motion-dom": "^12.23.12",
        "motion-utils": "^12.23.6",
        "tslib": "^2.4.0"
      },
      "peerDependencies": {
        "@emotion/is-prop-valid": "*",
        "react": "^18.0.0 || ^19.0.0",
        "react-dom": "^18.0.0 || ^19.0.0"
      },
      "peerDependenciesMeta": {
        "@emotion/is-prop-valid": {
          "optional": true
        },
        "react": {
          "optional": true
        },
        "react-dom": {
          "optional": true
        }
      }
    },
    "node_modules/function-bind": {
      "version": "1.1.2",
      "resolved": "https://registry.npmjs.org/function-bind/-/function-bind-1.1.2.tgz",
      "integrity": "sha512-7XHNxH7qX9xG5mIwxkhumTox/MIRNcOgDrxWsMt2pAr23WHp6MrRlN7FBSFpCpr+oVO0F744iUgR82nJMfG2SA==",
      "license": "MIT",
      "funding": {
        "url": "https://github.com/sponsors/ljharb"
      }
    },
    "node_modules/get-intrinsic": {
      "version": "1.3.0",
      "resolved": "https://registry.npmjs.org/get-intrinsic/-/get-intrinsic-1.3.0.tgz",
      "integrity": "sha512-9fSjSaos/fRIVIp+xSJlE6lfwhES7LNtKaCBIamHsjr2na1BiABJPo0mOjjz8GJDURarmCPGqaiVg5mfjb98CQ==",
      "license": "MIT",
      "dependencies": {
        "call-bind-apply-helpers": "^1.0.2",
        "es-define-property": "^1.0.1",
        "es-errors": "^1.3.0",
        "es-object-atoms": "^1.1.1",
        "function-bind": "^1.1.2",
        "get-proto": "^1.0.1",
        "gopd": "^1.2.0",
        "has-symbols": "^1.1.0",
        "hasown": "^2.0.2",
        "math-intrinsics": "^1.1.0"
      },
      "engines": {
        "node": ">= 0.4"
      },
      "funding": {
        "url": "https://github.com/sponsors/ljharb"
      }
    },
    "node_modules/get-proto": {
      "version": "1.0.1",
      "resolved": "https://registry.npmjs.org/get-proto/-/get-proto-1.0.1.tgz",
      "integrity": "sha512-sTSfBjoXBp89JvIKIefqw7U2CCebsc74kiY6awiGogKtoSGbgjYE/G/+l9sF3MWFPNc9IcoOC4ODfKHfxFmp0g==",
      "license": "MIT",
      "dependencies": {
        "dunder-proto": "^1.0.1",
        "es-object-atoms": "^1.0.0"
      },
      "engines": {
        "node": ">= 0.4"
      }
    },
    "node_modules/gopd": {
      "version": "1.2.0",
      "resolved": "https://registry.npmjs.org/gopd/-/gopd-1.2.0.tgz",
      "integrity": "sha512-ZUKRh6/kUFoAiTAtTYPZJ3hw9wNxx+BIBOijnlG9PnrJsCcSjs1wyyD6vJpaYtgnzDrKYRSqf3OO6Rfa93xsRg==",
      "license": "MIT",
      "engines": {
        "node": ">= 0.4"
      },
      "funding": {
        "url": "https://github.com/sponsors/ljharb"
      }
    },
    "node_modules/has-symbols": {
      "version": "1.1.0",
      "resolved": "https://registry.npmjs.org/has-symbols/-/has-symbols-1.1.0.tgz",
      "integrity": "sha512-1cDNdwJ2Jaohmb3sg4OmKaMBwuC48sYni5HUw2DvsC8LjGTLK9h+eb1X6RyuOHe4hT0ULCW68iomhjUoKUqlPQ==",
      "license": "MIT",
      "engines": {
        "node": ">= 0.4"
      },
      "funding": {
        "url": "https://github.com/sponsors/ljharb"
      }
    },
    "node_modules/has-tostringtag": {
      "version": "1.0.2",
      "resolved": "https://registry.npmjs.org/has-tostringtag/-/has-tostringtag-1.0.2.tgz",
      "integrity": "sha512-NqADB8VjPFLM2V0VvHUewwwsw0ZWBaIdgo+ieHtK3hasLz4qeCRjYcqfB6AQrBggRKppKF8L52/VqdVsO47Dlw==",
      "license": "MIT",
      "dependencies": {
        "has-symbols": "^1.0.3"
      },
      "engines": {
        "node": ">= 0.4"
      },
      "funding": {
        "url": "https://github.com/sponsors/ljharb"
      }
    },
    "node_modules/hasown": {
      "version": "2.0.2",
      "resolved": "https://registry.npmjs.org/hasown/-/hasown-2.0.2.tgz",
      "integrity": "sha512-0hJU9SCPvmMzIBdZFqNPXWa6dqh7WdH0cII9y+CyS8rG3nL48Bclra9HmKhVVUHyPWNH5Y7xDwAB7bfgSjkUMQ==",
      "license": "MIT",
      "dependencies": {
        "function-bind": "^1.1.2"
      },
      "engines": {
        "node": ">= 0.4"
      }
    },
    "node_modules/intl-messageformat": {
      "version": "10.7.16",
      "resolved": "https://registry.npmjs.org/intl-messageformat/-/intl-messageformat-10.7.16.tgz",
      "integrity": "sha512-UmdmHUmp5CIKKjSoE10la5yfU+AYJAaiYLsodbjL4lji83JNvgOQUjGaGhGrpFCb0Uh7sl7qfP1IyILa8Z40ug==",
      "license": "BSD-3-Clause",
      "dependencies": {
        "@formatjs/ecma402-abstract": "2.3.4",
        "@formatjs/fast-memoize": "2.2.7",
        "@formatjs/icu-messageformat-parser": "2.11.2",
        "tslib": "^2.8.0"
      }
    },
    "node_modules/is-arrayish": {
      "version": "0.3.2",
      "resolved": "https://registry.npmjs.org/is-arrayish/-/is-arrayish-0.3.2.tgz",
      "integrity": "sha512-eVRqCvVlZbuw3GrM63ovNSNAeA1K16kaR/LRY/92w0zxQ5/1YzwblUX652i4Xs9RwAGjW9d9y6X88t8OaAJfWQ==",
      "license": "MIT"
    },
    "node_modules/math-intrinsics": {
      "version": "1.1.0",
      "resolved": "https://registry.npmjs.org/math-intrinsics/-/math-intrinsics-1.1.0.tgz",
      "integrity": "sha512-/IXtbwEk5HTPyEwyKX6hGkYXxM9nbj64B+ilVJnC/R6B0pH5G4V3b0pVbL7DBj4tkhBAppbQUlf6F6Xl9LHu1g==",
      "license": "MIT",
      "engines": {
        "node": ">= 0.4"
      }
    },
    "node_modules/mime-db": {
      "version": "1.52.0",
      "resolved": "https://registry.npmjs.org/mime-db/-/mime-db-1.52.0.tgz",
      "integrity": "sha512-sPU4uV7dYlvtWJxwwxHD0PuihVNiE7TyAbQ5SWxDCB9mUYvOgroQOwYQQOKPJ8CIbE+1ETVlOoK1UC2nU3gYvg==",
      "license": "MIT",
      "engines": {
        "node": ">= 0.6"
      }
    },
    "node_modules/mime-types": {
      "version": "2.1.35",
      "resolved": "https://registry.npmjs.org/mime-types/-/mime-types-2.1.35.tgz",
      "integrity": "sha512-ZDY+bPm5zTTF+YpCrAU9nK0UgICYPT0QtT1NZWFv4s++TNkcgVaT0g6+4R2uI4MjQjzysHB1zxuWL50hzaeXiw==",
      "license": "MIT",
      "dependencies": {
        "mime-db": "1.52.0"
      },
      "engines": {
        "node": ">= 0.6"
      }
    },
    "node_modules/motion-dom": {
      "version": "12.23.12",
      "resolved": "https://registry.npmjs.org/motion-dom/-/motion-dom-12.23.12.tgz",
      "integrity": "sha512-RcR4fvMCTESQBD/uKQe49D5RUeDOokkGRmz4ceaJKDBgHYtZtntC/s2vLvY38gqGaytinij/yi3hMcWVcEF5Kw==",
      "license": "MIT",
      "dependencies": {
        "motion-utils": "^12.23.6"
      }
    },
    "node_modules/motion-utils": {
      "version": "12.23.6",
      "resolved": "https://registry.npmjs.org/motion-utils/-/motion-utils-12.23.6.tgz",
      "integrity": "sha512-eAWoPgr4eFEOFfg2WjIsMoqJTW6Z8MTUCgn/GZ3VRpClWBdnbjryiA3ZSNLyxCTmCQx4RmYX6jX1iWHbenUPNQ==",
      "license": "MIT"
    },
    "node_modules/proxy-from-env": {
      "version": "1.1.0",
      "resolved": "https://registry.npmjs.org/proxy-from-env/-/proxy-from-env-1.1.0.tgz",
      "integrity": "sha512-D+zkORCbA9f1tdWRK0RaCR3GPv50cMxcrz4X8k5LTSUD1Dkw47mKJEZQNunItRTkWwgtaUSo1RVFRIG9ZXiFYg==",
      "license": "MIT"
    },
    "node_modules/react": {
      "version": "19.1.1",
      "resolved": "https://registry.npmjs.org/react/-/react-19.1.1.tgz",
      "integrity": "sha512-w8nqGImo45dmMIfljjMwOGtbmC/mk4CMYhWIicdSflH91J9TyCyczcPFXJzrZ/ZXcgGRFeP6BU0BEJTw6tZdfQ==",
      "license": "MIT",
      "peer": true,
      "engines": {
        "node": ">=0.10.0"
      }
    },
    "node_modules/react-dom": {
      "version": "19.1.1",
      "resolved": "https://registry.npmjs.org/react-dom/-/react-dom-19.1.1.tgz",
      "integrity": "sha512-Dlq/5LAZgF0Gaz6yiqZCf6VCcZs1ghAJyrsu84Q/GT0gV+mCxbfmKNoGRKBYMJ8IEdGPqu49YWXD02GCknEDkw==",
      "license": "MIT",
      "peer": true,
      "dependencies": {
        "scheduler": "^0.26.0"
      },
      "peerDependencies": {
        "react": "^19.1.1"
      }
    },
    "node_modules/scheduler": {
      "version": "0.26.0",
      "resolved": "https://registry.npmjs.org/scheduler/-/scheduler-0.26.0.tgz",
      "integrity": "sha512-NlHwttCI/l5gCPR3D1nNXtWABUmBwvZpEQiD4IXSbIDq8BzLIK/7Ir5gTFSGZDUu37K5cMNp0hFtzO38sC7gWA==",
      "license": "MIT",
      "peer": true
    },
    "node_modules/simple-swizzle": {
      "version": "0.2.2",
      "resolved": "https://registry.npmjs.org/simple-swizzle/-/simple-swizzle-0.2.2.tgz",
      "integrity": "sha512-JA//kQgZtbuY83m+xT+tXJkmJncGMTFT+C+g2h2R9uxkYIrE2yy9sgmcLhCnw57/WSD+Eh3J97FPEDFnbXnDUg==",
      "license": "MIT",
      "dependencies": {
        "is-arrayish": "^0.3.1"
      }
    },
    "node_modules/tailwind-merge": {
      "version": "3.3.1",
      "resolved": "https://registry.npmjs.org/tailwind-merge/-/tailwind-merge-3.3.1.tgz",
      "integrity": "sha512-gBXpgUm/3rp1lMZZrM/w7D8GKqshif0zAymAhbCyIt8KMe+0v9DQ7cdYLR4FHH/cKpdTXb+A/tKKU3eolfsI+g==",
      "license": "MIT",
      "funding": {
        "type": "github",
        "url": "https://github.com/sponsors/dcastil"
      }
    },
    "node_modules/tailwind-variants": {
      "version": "2.0.1",
      "resolved": "https://registry.npmjs.org/tailwind-variants/-/tailwind-variants-2.0.1.tgz",
      "integrity": "sha512-1wt8c4PWO3jbZcKGBrjIV8cehWarREw1C2os0k8Mcq0nof/CbafNhUUjb0LRWiiRfAvDK6v1deswtHLsygKglw==",
      "license": "MIT",
      "engines": {
        "node": ">=16.x",
        "pnpm": ">=7.x"
      },
      "peerDependencies": {
        "tailwind-merge": ">=3.0.0",
        "tailwindcss": "*"
      },
      "peerDependenciesMeta": {
        "tailwind-merge": {
          "optional": true
        }
      }
    },
    "node_modules/tailwindcss": {
      "version": "4.0.0",
      "resolved": "https://registry.npmjs.org/tailwindcss/-/tailwindcss-4.0.0.tgz",
      "integrity": "sha512-ULRPI3A+e39T7pSaf1xoi58AqqJxVCLg8F/uM5A3FadUbnyDTgltVnXJvdkTjwCOGA6NazqHVcwPJC5h2vRYVQ==",
      "license": "MIT"
    },
    "node_modules/tslib": {
      "version": "2.8.1",
      "resolved": "https://registry.npmjs.org/tslib/-/tslib-2.8.1.tgz",
      "integrity": "sha512-oJFu94HQb+KVduSUQL7wnpmqnfmLsOA/nAh6b6EH0wCEoK0/mPeXU6c3wKDV83MkOuHPRHtSXKKU99IBazS/2w==",
      "license": "0BSD"
    },
    "node_modules/use-sync-external-store": {
      "version": "1.5.0",
      "resolved": "https://registry.npmjs.org/use-sync-external-store/-/use-sync-external-store-1.5.0.tgz",
      "integrity": "sha512-Rb46I4cGGVBmjamjphe8L/UnvJD+uPPtTkNvX5mZgqdbavhI4EbgIWJiIHXJ8bc/i9EQGPRh4DwEURJ552Do0A==",
      "license": "MIT",
      "peerDependencies": {
        "react": "^16.8.0 || ^17.0.0 || ^18.0.0 || ^19.0.0"
      }
    }
  }
}
